github.com/Salvadego/mantis v0.0.0-20250710165026-12d8935cc991 h1:LG6oEqD7vXE7TWLXFcbleASgkImX5bKOhAysSjS++YE=
github.com/Salvadego/mantis v0.0.0-20250710165026-12d8935cc991/go.mod h1:3pYaM3HDGIyk69RWHx/AV4+3Y3NqN9LF82GZHxflhRg=
github.com/Salvadego/mantis v0.0.0-20250717173635-ae76940aeb6a h1:xPpJTOln2HSLj2np+4BZNxm62e/qxOodeuQSx+NQnrI=
github.com/Salvadego/mantis v0.0.0-20250717173635-ae76940aeb6a/go.mod h1:3pYaM3HDGIyk69RWHx/AV4+3Y3NqN9LF82GZHxflhRg=
github.com/Salvadego/mantis v0.0.0-20250717174059-a9928a813a0c h1:jU7nKs7p/JfhHlVWM7kVSZKbD8nkhr6bQ7xhAoGYCY0=
github.com/Salvadego/mantis v0.0.0-20250717174059-a9928a813a0c/go.mod h1:3pYaM3HDGIyk69RWHx/AV4+3Y3NqN9LF82GZHxflhRg=
github.com/Salvadego/mantis v0.0.0-20250717180712-b6d0882536c7 h1:zwMJhLSTmF3jozfkiyFz9nIukfhnh3fay9dm72zjhBc=
github.com/Salvadego/mantis v0.0.0-20250717180712-b6d0882536c7/go.mod h1:3pYaM3HDGIyk69RWHx/AV4+3Y3NqN9LF82GZHxflhRg=
github.com/Salvadego/mantis v0.0.0-20250717180916-82f508107a0e h1:6zOMYP9UfZbAcKjhsNMGA77QVYvdtDS0Gz/J+7T8yYg=
github.com/Salvadego/mantis v0.0.0-20250717180916-82f508107a0e/go.mod h1:3pYaM3HDGIyk69RWHx/AV4+3Y3NqN9LF82GZHxflhRg=
github.com/Salvadego/mantis v0.0.0-20250717181421-247515003b05 h1:zT01MF0BWgLcg2aeT7FZunB0aRZe27hODv4NZ16PPBk=
github.com/Salvadego/mantis v0.0.0-20250717181421-247515003b05/go.mod h1:3pYaM3HDGIyk69RWHx/AV4+3Y3NqN9LF82GZHxflhRg=
github.com/Salvadego/mantis v0.0.0-20250717182117-f3f7bc330d3e h1:oO2hRUD7z0mIyMf9MGddYtlw38ZRjgQhfByEgEfkf1A=
github.com/Salvadego/mantis v0.0.0-20250717182117-f3f7bc330d3e/go.mod h1:3pYaM3HDGIyk69RWHx/AV4+3Y3NqN9LF82GZHxflhRg=
github.com/Salvadego/mantis v0.0.0-20250717183507-8abf1814ff5c h1:1OJv4hI5qeVfMBMrevnIgSbngSB+OxRHtV4g/lQJ47s=
github.com/Salvadego/mantis v0.0.0-20250717183507-8abf1814ff5c/go.mod h1:3pYaM3HDGIyk69RWHx/AV4+3Y3NqN9LF82GZHxflhRg=
github.com/cpuguy83/go-md2man/v2 v2.0.6/go.mod h1:oOW0eioCTA6cOiMLiUPZOpcVxMig6NIQQ7OS05n1F4g=
github.com/inconshreveable/mousetrap v1.1.0 h1:wN+x4NVGpMsO7ErUn/mUI3vEoE6Jt13X2s0bqwp9tc8=
github.com/inconshreveable/mousetrap v1.1.0/go.mod h1:vpF70FUmC8bwa3OWnCshd2FqLfsEA9PFc4w1p2J65bw=
github.com/russross/blackfriday/v2 v2.1.0/go.mod h1:+Rmxgy9KzJVeS9/2gXHxylqXiyQDYRxCVz55jmeOWTM=
github.com/spf13/cobra v1.9.1 h1:CXSaggrXdbHK9CF+8ywj8Amf7PBRmPCOJugH954Nnlo=
github.com/spf13/cobra v1.9.1/go.mod h1:nDyEzZ8ogv936Cinf6g1RU9MRY64Ir93oCnqb9wxYW0=
github.com/spf13/pflag v1.0.6 h1:jFzHGLGAlb3ruxLB8MhbI6A8+AQX/2eW4qeyNZXNp2o=
github.com/spf13/pflag v1.0.6/go.mod h1:McXfInJRrz4CZXVZOBLb0bTZqETkiAhM9Iw0y3An2Bg=
gopkg.in/check.v1 v0.0.0-20161208181325-20d25e280405 h1:yhCVgyC4o1eVCa2tZl7eS0r+SDo693bJlVdllGtEeKM=
gopkg.in/check.v1 v0.0.0-20161208181325-20d25e280405/go.mod h1:Co6ibVJAznAaIkqp8huTwlJQCZ016jof/cbN4VW5Yz0=
gopkg.in/yaml.v3 v3.0.1 h1:fxVm/GzAzEWqLHuvctI91KS9hhNmmWOoWu0XTYJS7CA=
gopkg.in/yaml.v3 v3.0.1/go.mod h1:K4uyk7z7BCEPqu6E+C64Yfv1cQ7kz7rIZviUmN+EgEM=
